
Microsoft Visual Studio Solution File, Format Version 12.00
# Visual Studio 2012
Project("{FAE04EC0-301F-11D3-BF4B-00C04F79EFBC}") = "AllanGray.TwitterTestConsole", "AllanGray.TwitterTest\AllanGray.TwitterTestConsole.csproj", "{30C18F6E-1DC1-4ED0-A370-364E36F13E2A}"
EndProject
Project("{FAE04EC0-301F-11D3-BF4B-00C04F79EFBC}") = "AllanGray.Technology", "AllanGray.Technology\AllanGray.Technology.csproj", "{7C8EF312-DC89-4606-88A6-15DC25CC0DA2}"
EndProject
Project("{FAE04EC0-301F-11D3-BF4B-00C04F79EFBC}") = "AllanGray.TwitterDisplayProvider", "AllanGray.TwitterDisplayProvider\AllanGray.TwitterDisplayProvider.csproj", "{6603698C-45F1-4BCA-B82E-C299CD522F45}"
EndProject
Project("{FAE04EC0-301F-11D3-BF4B-00C04F79EFBC}") = "AllanGray.TwitterTweetProvider", "AllanGray.TwitterTweetProvider\AllanGray.TwitterTweetProvider.csproj", "{A1D70B59-EDBF-446C-96A6-0B88C565FFA7}"
EndProject
Project("{FAE04EC0-301F-11D3-BF4B-00C04F79EFBC}") = "AllanGray.TwitterSubscriberManager", "AllanGray.TwitterSubscriberManager\AllanGray.TwitterSubscriberManager.csproj", "{93FB21F2-6492-4167-9993-7DF33DC70DAA}"
EndProject
Project("{FAE04EC0-301F-11D3-BF4B-00C04F79EFBC}") = "AllanGray.Logic", "AllanGray.Logic\AllanGray.Logic.csproj", "{3328C171-E5A8-48E1-AA10-65E57804B619}"
EndProject
Project("{FAE04EC0-301F-11D3-BF4B-00C04F79EFBC}") = "AllanGray.DummyTweetProvider", "AllanGray.DummyTweetProvider\AllanGray.DummyTweetProvider.csproj", "{36E8BB54-187A-479F-B2B8-8A5FE8A8D9A3}"
EndProject
Global
	GlobalSection(SolutionConfigurationPlatforms) = preSolution
		Debug|Any CPU = Debug|Any CPU
		Debug|Mixed Platforms = Debug|Mixed Platforms
		Debug|x86 = Debug|x86
		Release|Any CPU = Release|Any CPU
		Release|Mixed Platforms = Release|Mixed Platforms
		Release|x86 = Release|x86
	EndGlobalSection
	GlobalSection(ProjectConfigurationPlatforms) = postSolution
		{30C18F6E-1DC1-4ED0-A370-364E36F13E2A}.Debug|Any CPU.ActiveCfg = Debug|x86
		{30C18F6E-1DC1-4ED0-A370-364E36F13E2A}.Debug|Mixed Platforms.ActiveCfg = Debug|x86
		{30C18F6E-1DC1-4ED0-A370-364E36F13E2A}.Debug|Mixed Platforms.Build.0 = Debug|x86
		{30C18F6E-1DC1-4ED0-A370-364E36F13E2A}.Debug|x86.ActiveCfg = Debug|x86
		{30C18F6E-1DC1-4ED0-A370-364E36F13E2A}.Debug|x86.Build.0 = Debug|x86
		{30C18F6E-1DC1-4ED0-A370-364E36F13E2A}.Release|Any CPU.ActiveCfg = Release|x86
		{30C18F6E-1DC1-4ED0-A370-364E36F13E2A}.Release|Mixed Platforms.ActiveCfg = Release|x86
		{30C18F6E-1DC1-4ED0-A370-364E36F13E2A}.Release|Mixed Platforms.Build.0 = Release|x86
		{30C18F6E-1DC1-4ED0-A370-364E36F13E2A}.Release|x86.ActiveCfg = Release|x86
		{30C18F6E-1DC1-4ED0-A370-364E36F13E2A}.Release|x86.Build.0 = Release|x86
		{3328C171-E5A8-48E1-AA10-65E57804B619}.Debug|Any CPU.ActiveCfg = Debug|Any CPU
		{3328C171-E5A8-48E1-AA10-65E57804B619}.Debug|Any CPU.Build.0 = Debug|Any CPU
		{3328C171-E5A8-48E1-AA10-65E57804B619}.Debug|Mixed Platforms.ActiveCfg = Debug|Any CPU
		{3328C171-E5A8-48E1-AA10-65E57804B619}.Debug|Mixed Platforms.Build.0 = Debug|Any CPU
		{3328C171-E5A8-48E1-AA10-65E57804B619}.Debug|x86.ActiveCfg = Debug|Any CPU
		{3328C171-E5A8-48E1-AA10-65E57804B619}.Release|Any CPU.ActiveCfg = Release|Any CPU
		{3328C171-E5A8-48E1-AA10-65E57804B619}.Release|Any CPU.Build.0 = Release|Any CPU
		{3328C171-E5A8-48E1-AA10-65E57804B619}.Release|Mixed Platforms.ActiveCfg = Release|Any CPU
		{3328C171-E5A8-48E1-AA10-65E57804B619}.Release|Mixed Platforms.Build.0 = Release|Any CPU
		{3328C171-E5A8-48E1-AA10-65E57804B619}.Release|x86.ActiveCfg = Release|Any CPU
		{36E8BB54-187A-479F-B2B8-8A5FE8A8D9A3}.Debug|Any CPU.ActiveCfg = Debug|Any CPU
		{36E8BB54-187A-479F-B2B8-8A5FE8A8D9A3}.Debug|Any CPU.Build.0 = Debug|Any CPU
		{36E8BB54-187A-479F-B2B8-8A5FE8A8D9A3}.Debug|Mixed Platforms.ActiveCfg = Debug|Any CPU
		{36E8BB54-187A-479F-B2B8-8A5FE8A8D9A3}.Debug|Mixed Platforms.Build.0 = Debug|Any CPU
		{36E8BB54-187A-479F-B2B8-8A5FE8A8D9A3}.Debug|x86.ActiveCfg = Debug|Any CPU
		{36E8BB54-187A-479F-B2B8-8A5FE8A8D9A3}.Debug|x86.Build.0 = Debug|Any CPU
		{36E8BB54-187A-479F-B2B8-8A5FE8A8D9A3}.Release|Any CPU.ActiveCfg = Release|Any CPU
		{36E8BB54-187A-479F-B2B8-8A5FE8A8D9A3}.Release|Any CPU.Build.0 = Release|Any CPU
		{36E8BB54-187A-479F-B2B8-8A5FE8A8D9A3}.Release|Mixed Platforms.ActiveCfg = Release|Any CPU
		{36E8BB54-187A-479F-B2B8-8A5FE8A8D9A3}.Release|Mixed Platforms.Build.0 = Release|Any CPU
		{36E8BB54-187A-479F-B2B8-8A5FE8A8D9A3}.Release|x86.ActiveCfg = Release|Any CPU
		{36E8BB54-187A-479F-B2B8-8A5FE8A8D9A3}.Release|x86.Build.0 = Release|Any CPU
		{6603698C-45F1-4BCA-B82E-C299CD522F45}.Debug|Any CPU.ActiveCfg = Debug|Any CPU
		{6603698C-45F1-4BCA-B82E-C299CD522F45}.Debug|Any CPU.Build.0 = Debug|Any CPU
		{6603698C-45F1-4BCA-B82E-C299CD522F45}.Debug|Mixed Platforms.ActiveCfg = Debug|Any CPU
		{6603698C-45F1-4BCA-B82E-C299CD522F45}.Debug|Mixed Platforms.Build.0 = Debug|Any CPU
		{6603698C-45F1-4BCA-B82E-C299CD522F45}.Debug|x86.ActiveCfg = Debug|Any CPU
		{6603698C-45F1-4BCA-B82E-C299CD522F45}.Release|Any CPU.ActiveCfg = Release|Any CPU
		{6603698C-45F1-4BCA-B82E-C299CD522F45}.Release|Any CPU.Build.0 = Release|Any CPU
		{6603698C-45F1-4BCA-B82E-C299CD522F45}.Release|Mixed Platforms.ActiveCfg = Release|Any CPU
		{6603698C-45F1-4BCA-B82E-C299CD522F45}.Release|Mixed Platforms.Build.0 = Release|Any CPU
		{6603698C-45F1-4BCA-B82E-C299CD522F45}.Release|x86.ActiveCfg = Release|Any CPU
		{7C8EF312-DC89-4606-88A6-15DC25CC0DA2}.Debug|Any CPU.ActiveCfg = Debug|Any CPU
		{7C8EF312-DC89-4606-88A6-15DC25CC0DA2}.Debug|Any CPU.Build.0 = Debug|Any CPU
		{7C8EF312-DC89-4606-88A6-15DC25CC0DA2}.Debug|Mixed Platforms.ActiveCfg = Debug|Any CPU
		{7C8EF312-DC89-4606-88A6-15DC25CC0DA2}.Debug|Mixed Platforms.Build.0 = Debug|Any CPU
		{7C8EF312-DC89-4606-88A6-15DC25CC0DA2}.Debug|x86.ActiveCfg = Debug|Any CPU
		{7C8EF312-DC89-4606-88A6-15DC25CC0DA2}.Release|Any CPU.ActiveCfg = Release|Any CPU
		{7C8EF312-DC89-4606-88A6-15DC25CC0DA2}.Release|Any CPU.Build.0 = Release|Any CPU
		{7C8EF312-DC89-4606-88A6-15DC25CC0DA2}.Release|Mixed Platforms.ActiveCfg = Release|Any CPU
		{7C8EF312-DC89-4606-88A6-15DC25CC0DA2}.Release|Mixed Platforms.Build.0 = Release|Any CPU
		{7C8EF312-DC89-4606-88A6-15DC25CC0DA2}.Release|x86.ActiveCfg = Release|Any CPU
		{93FB21F2-6492-4167-9993-7DF33DC70DAA}.Debug|Any CPU.ActiveCfg = Debug|Any CPU
		{93FB21F2-6492-4167-9993-7DF33DC70DAA}.Debug|Any CPU.Build.0 = Debug|Any CPU
		{93FB21F2-6492-4167-9993-7DF33DC70DAA}.Debug|Mixed Platforms.ActiveCfg = Debug|Any CPU
		{93FB21F2-6492-4167-9993-7DF33DC70DAA}.Debug|Mixed Platforms.Build.0 = Debug|Any CPU
		{93FB21F2-6492-4167-9993-7DF33DC70DAA}.Debug|x86.ActiveCfg = Debug|Any CPU
		{93FB21F2-6492-4167-9993-7DF33DC70DAA}.Release|Any CPU.ActiveCfg = Release|Any CPU
		{93FB21F2-6492-4167-9993-7DF33DC70DAA}.Release|Any CPU.Build.0 = Release|Any CPU
		{93FB21F2-6492-4167-9993-7DF33DC70DAA}.Release|Mixed Platforms.ActiveCfg = Release|Any CPU
		{93FB21F2-6492-4167-9993-7DF33DC70DAA}.Release|Mixed Platforms.Build.0 = Release|Any CPU
		{93FB21F2-6492-4167-9993-7DF33DC70DAA}.Release|x86.ActiveCfg = Release|Any CPU
		{A1D70B59-EDBF-446C-96A6-0B88C565FFA7}.Debug|Any CPU.ActiveCfg = Debug|Any CPU
		{A1D70B59-EDBF-446C-96A6-0B88C565FFA7}.Debug|Any CPU.Build.0 = Debug|Any CPU
		{A1D70B59-EDBF-446C-96A6-0B88C565FFA7}.Debug|Mixed Platforms.ActiveCfg = Debug|Any CPU
		{A1D70B59-EDBF-446C-96A6-0B88C565FFA7}.Debug|Mixed Platforms.Build.0 = Debug|Any CPU
		{A1D70B59-EDBF-446C-96A6-0B88C565FFA7}.Debug|x86.ActiveCfg = Debug|Any CPU
		{A1D70B59-EDBF-446C-96A6-0B88C565FFA7}.Release|Any CPU.ActiveCfg = Release|Any CPU
		{A1D70B59-EDBF-446C-96A6-0B88C565FFA7}.Release|Any CPU.Build.0 = Release|Any CPU
		{A1D70B59-EDBF-446C-96A6-0B88C565FFA7}.Release|Mixed Platforms.ActiveCfg = Release|Any CPU
		{A1D70B59-EDBF-446C-96A6-0B88C565FFA7}.Release|Mixed Platforms.Build.0 = Release|Any CPU
		{A1D70B59-EDBF-446C-96A6-0B88C565FFA7}.Release|x86.ActiveCfg = Release|Any CPU
	EndGlobalSection
	GlobalSection(MonoDevelopProperties) = preSolution
		StartupItem = AllanGray.TwitterTest\AllanGray.TwitterTestConsole.csproj
	EndGlobalSection
	GlobalSection(SolutionProperties) = preSolution
		HideSolutionNode = FALSE
	EndGlobalSection
EndGlobal
